
Microsoft Visual Studio Solution File, Format Version 12.00
# Visual Studio Version 16
VisualStudioVersion = 16.0.30804.86
MinimumVisualStudioVersion = 10.0.40219.1
Project("{9A19103F-16F7-4668-BE54-9A1E7A4F7556}") = "KampIntro", "KampIntro\KampIntro.csproj", "{8013D711-8690-4A12-999F-DC91911939D8}"
EndProject
Project("{9A19103F-16F7-4668-BE54-9A1E7A4F7556}") = "Donguler", "Donguler\Donguler.csproj", "{E3FBE1FF-24A4-4F55-A6A3-A63C1A18CECB}"
EndProject
Project("{9A19103F-16F7-4668-BE54-9A1E7A4F7556}") = "ClassIntro", "ClassIntro\ClassIntro.csproj", "{7354C188-9947-4E70-B5C5-23CB8758F826}"
EndProject
Project("{9A19103F-16F7-4668-BE54-9A1E7A4F7556}") = "Product", "Product\Product.csproj", "{D36C05DF-A772-41E9-B256-EBE6F7443CA8}"
EndProject
Project("{9A19103F-16F7-4668-BE54-9A1E7A4F7556}") = "Matematik", "Matematik\Matematik.csproj", "{5703F03F-5C05-43DB-A1AF-335EF6BC245C}"
EndProject
Project("{9A19103F-16F7-4668-BE54-9A1E7A4F7556}") = "DegerVeReferasnTipler", "DegerVeReferasnTipler\DegerVeReferasnTipler.csproj", "{7C0409E2-B468-4DAB-82FD-5E0C7E3B9F3B}"
EndProject
Project("{9A19103F-16F7-4668-BE54-9A1E7A4F7556}") = "kendimiDeniyorum", "kendimiDeniyorum\kendimiDeniyorum.csproj", "{34C1E0DF-C0EB-42EA-8007-33110F720825}"
EndProject
Project("{9A19103F-16F7-4668-BE54-9A1E7A4F7556}") = "Metotlar", "Metotlar\Metotlar.csproj", "{23994736-EE31-4173-B1DD-71B75B139303}"
EndProject
Project("{9A19103F-16F7-4668-BE54-9A1E7A4F7556}") = "ClassMetotDemo", "ClassMetotDemo\ClassMetotDemo.csproj", "{5C757235-3F55-4777-A8EB-5576D9F30E61}"
EndProject
Project("{9A19103F-16F7-4668-BE54-9A1E7A4F7556}") = "Dictonary", "Dictonary\Dictonary.csproj", "{B4A56C3F-C607-42FC-8C23-5B2647776400}"
EndProject
Project("{9A19103F-16F7-4668-BE54-9A1E7A4F7556}") = "Oop2", "Oop2\Oop2.csproj", "{04A7C6E2-EE48-416D-8750-E64FD0F7287D}"
EndProject
Project("{9A19103F-16F7-4668-BE54-9A1E7A4F7556}") = "OOP1", "OOP1\OOP1.csproj", "{B7FB8701-2DD7-43C0-8ED3-A43C6F1493DA}"
EndProject
Project("{9A19103F-16F7-4668-BE54-9A1E7A4F7556}") = "GenericsIntro", "GenericsIntro\GenericsIntro.csproj", "{9DFB441D-88C0-47AE-B7A0-D1EF20F76996}"
EndProject
Project("{9A19103F-16F7-4668-BE54-9A1E7A4F7556}") = "Koleksiyonlar", "Koleksiyonlar\Koleksiyonlar.csproj", "{C44A29B6-27A2-480B-B71C-81C526FAD9CC}"
EndProject
Project("{FAE04EC0-301F-11D3-BF4B-00C04F79EFBC}") = "OOP3", "OOP3\OOP3.csproj", "{787A674D-205E-428D-8970-0B84277812E4}"
EndProject
Global
	GlobalSection(SolutionConfigurationPlatforms) = preSolution
		Debug|Any CPU = Debug|Any CPU
		Release|Any CPU = Release|Any CPU
	EndGlobalSection
	GlobalSection(ProjectConfigurationPlatforms) = postSolution
		{8013D711-8690-4A12-999F-DC91911939D8}.Debug|Any CPU.ActiveCfg = Debug|Any CPU
		{8013D711-8690-4A12-999F-DC91911939D8}.Debug|Any CPU.Build.0 = Debug|Any CPU
		{8013D711-8690-4A12-999F-DC91911939D8}.Release|Any CPU.ActiveCfg = Release|Any CPU
		{8013D711-8690-4A12-999F-DC91911939D8}.Release|Any CPU.Build.0 = Release|Any CPU
		{E3FBE1FF-24A4-4F55-A6A3-A63C1A18CECB}.Debug|Any CPU.ActiveCfg = Debug|Any CPU
		{E3FBE1FF-24A4-4F55-A6A3-A63C1A18CECB}.Debug|Any CPU.Build.0 = Debug|Any CPU
		{E3FBE1FF-24A4-4F55-A6A3-A63C1A18CECB}.Release|Any CPU.ActiveCfg = Release|Any CPU
		{E3FBE1FF-24A4-4F55-A6A3-A63C1A18CECB}.Release|Any CPU.Build.0 = Release|Any CPU
		{7354C188-9947-4E70-B5C5-23CB8758F826}.Debug|Any CPU.ActiveCfg = Debug|Any CPU
		{7354C188-9947-4E70-B5C5-23CB8758F826}.Debug|Any CPU.Build.0 = Debug|Any CPU
		{7354C188-9947-4E70-B5C5-23CB8758F826}.Release|Any CPU.ActiveCfg = Release|Any CPU
		{7354C188-9947-4E70-B5C5-23CB8758F826}.Release|Any CPU.Build.0 = Release|Any CPU
		{D36C05DF-A772-41E9-B256-EBE6F7443CA8}.Debug|Any CPU.ActiveCfg = Debug|Any CPU
		{D36C05DF-A772-41E9-B256-EBE6F7443CA8}.Debug|Any CPU.Build.0 = Debug|Any CPU
		{D36C05DF-A772-41E9-B256-EBE6F7443CA8}.Release|Any CPU.ActiveCfg = Release|Any CPU
		{D36C05DF-A772-41E9-B256-EBE6F7443CA8}.Release|Any CPU.Build.0 = Release|Any CPU
		{5703F03F-5C05-43DB-A1AF-335EF6BC245C}.Debug|Any CPU.ActiveCfg = Debug|Any CPU
		{5703F03F-5C05-43DB-A1AF-335EF6BC245C}.Debug|Any CPU.Build.0 = Debug|Any CPU
		{5703F03F-5C05-43DB-A1AF-335EF6BC245C}.Release|Any CPU.ActiveCfg = Release|Any CPU
		{5703F03F-5C05-43DB-A1AF-335EF6BC245C}.Release|Any CPU.Build.0 = Release|Any CPU
		{7C0409E2-B468-4DAB-82FD-5E0C7E3B9F3B}.Debug|Any CPU.ActiveCfg = Debug|Any CPU
		{7C0409E2-B468-4DAB-82FD-5E0C7E3B9F3B}.Debug|Any CPU.Build.0 = Debug|Any CPU
		{7C0409E2-B468-4DAB-82FD-5E0C7E3B9F3B}.Release|Any CPU.ActiveCfg = Release|Any CPU
		{7C0409E2-B468-4DAB-82FD-5E0C7E3B9F3B}.Release|Any CPU.Build.0 = Release|Any CPU
		{34C1E0DF-C0EB-42EA-8007-33110F720825}.Debug|Any CPU.ActiveCfg = Debug|Any CPU
		{34C1E0DF-C0EB-42EA-8007-33110F720825}.Debug|Any CPU.Build.0 = Debug|Any CPU
		{34C1E0DF-C0EB-42EA-8007-33110F720825}.Release|Any CPU.ActiveCfg = Release|Any CPU
		{34C1E0DF-C0EB-42EA-8007-33110F720825}.Release|Any CPU.Build.0 = Release|Any CPU
		{23994736-EE31-4173-B1DD-71B75B139303}.Debug|Any CPU.ActiveCfg = Debug|Any CPU
		{23994736-EE31-4173-B1DD-71B75B139303}.Debug|Any CPU.Build.0 = Debug|Any CPU
		{23994736-EE31-4173-B1DD-71B75B139303}.Release|Any CPU.ActiveCfg = Release|Any CPU
		{23994736-EE31-4173-B1DD-71B75B139303}.Release|Any CPU.Build.0 = Release|Any CPU
		{5C757235-3F55-4777-A8EB-5576D9F30E61}.Debug|Any CPU.ActiveCfg = Debug|Any CPU
		{5C757235-3F55-4777-A8EB-5576D9F30E61}.Debug|Any CPU.Build.0 = Debug|Any CPU
		{5C757235-3F55-4777-A8EB-5576D9F30E61}.Release|Any CPU.ActiveCfg = Release|Any CPU
		{5C757235-3F55-4777-A8EB-5576D9F30E61}.Release|Any CPU.Build.0 = Release|Any CPU
		{B4A56C3F-C607-42FC-8C23-5B2647776400}.Debug|Any CPU.ActiveCfg = Debug|Any CPU
		{B4A56C3F-C607-42FC-8C23-5B2647776400}.Debug|Any CPU.Build.0 = Debug|Any CPU
		{B4A56C3F-C607-42FC-8C23-5B2647776400}.Release|Any CPU.ActiveCfg = Release|Any CPU
		{B4A56C3F-C607-42FC-8C23-5B2647776400}.Release|Any CPU.Build.0 = Release|Any CPU
		{04A7C6E2-EE48-416D-8750-E64FD0F7287D}.Debug|Any CPU.ActiveCfg = Debug|Any CPU
		{04A7C6E2-EE48-416D-8750-E64FD0F7287D}.Debug|Any CPU.Build.0 = Debug|Any CPU
		{04A7C6E2-EE48-416D-8750-E64FD0F7287D}.Release|Any CPU.ActiveCfg = Release|Any CPU
		{04A7C6E2-EE48-416D-8750-E64FD0F7287D}.Release|Any CPU.Build.0 = Release|Any CPU
		{B7FB8701-2DD7-43C0-8ED3-A43C6F1493DA}.Debug|Any CPU.ActiveCfg = Debug|Any CPU
		{B7FB8701-2DD7-43C0-8ED3-A43C6F1493DA}.Debug|Any CPU.Build.0 = Debug|Any CPU
		{B7FB8701-2DD7-43C0-8ED3-A43C6F1493DA}.Release|Any CPU.ActiveCfg = Release|Any CPU
		{B7FB8701-2DD7-43C0-8ED3-A43C6F1493DA}.Release|Any CPU.Build.0 = Release|Any CPU
		{9DFB441D-88C0-47AE-B7A0-D1EF20F76996}.Debug|Any CPU.ActiveCfg = Debug|Any CPU
		{9DFB441D-88C0-47AE-B7A0-D1EF20F76996}.Debug|Any CPU.Build.0 = Debug|Any CPU
		{9DFB441D-88C0-47AE-B7A0-D1EF20F76996}.Release|Any CPU.ActiveCfg = Release|Any CPU
		{9DFB441D-88C0-47AE-B7A0-D1EF20F76996}.Release|Any CPU.Build.0 = Release|Any CPU
		{C44A29B6-27A2-480B-B71C-81C526FAD9CC}.Debug|Any CPU.ActiveCfg = Debug|Any CPU
		{C44A29B6-27A2-480B-B71C-81C526FAD9CC}.Debug|Any CPU.Build.0 = Debug|Any CPU
		{C44A29B6-27A2-480B-B71C-81C526FAD9CC}.Release|Any CPU.ActiveCfg = Release|Any CPU
		{C44A29B6-27A2-480B-B71C-81C526FAD9CC}.Release|Any CPU.Build.0 = Release|Any CPU
		{787A674D-205E-428D-8970-0B84277812E4}.Debug|Any CPU.ActiveCfg = Debug|Any CPU
		{787A674D-205E-428D-8970-0B84277812E4}.Debug|Any CPU.Build.0 = Debug|Any CPU
		{787A674D-205E-428D-8970-0B84277812E4}.Release|Any CPU.ActiveCfg = Release|Any CPU
		{787A674D-205E-428D-8970-0B84277812E4}.Release|Any CPU.Build.0 = Release|Any CPU
	EndGlobalSection
	GlobalSection(SolutionProperties) = preSolution
		HideSolutionNode = FALSE
	EndGlobalSection
	GlobalSection(ExtensibilityGlobals) = postSolution
		SolutionGuid = {09085E4C-F69F-47E7-B4C0-D1D89BC0B19C}
	EndGlobalSection
EndGlobal
